
Microsoft Visual Studio Solution File, Format Version 12.00
# Visual Studio Version 16
VisualStudioVersion = 16.0.30413.136
MinimumVisualStudioVersion = 10.0.40219.1
Project("{2150E333-8FDC-42A3-9474-1A3956D46DE8}") = "Service", "Service", "{89F77C79-0C02-484C-B536-CD7D635CAEC5}"
EndProject
Project("{2150E333-8FDC-42A3-9474-1A3956D46DE8}") = "API", "API", "{3C2818E9-9065-4E31-BBCF-D20CBBBD9DD6}"
EndProject
Project("{9A19103F-16F7-4668-BE54-9A1E7A4F7556}") = "MeliGalax.Service", "MeliGalax.Service\MeliGalax.Service.csproj", "{11924FFA-A158-4AA4-A22A-471CF861BA2F}"
EndProject
Project("{9A19103F-16F7-4668-BE54-9A1E7A4F7556}") = "MeliGalax.Service.Models", "MeliGalax.Service.Models\MeliGalax.Service.Models.csproj", "{CCEF0299-92C7-4D86-BB20-2F0423A818EC}"
EndProject
Project("{9A19103F-16F7-4668-BE54-9A1E7A4F7556}") = "MeliGalax.Service.Data", "MeliGalax.Service.Data\MeliGalax.Service.Data.csproj", "{FE2EB616-E899-4BEA-B20E-63AE425D7BB0}"
EndProject
Project("{FAE04EC0-301F-11D3-BF4B-00C04F79EFBC}") = "MeliGalax.Service.Domain", "MeliGalax.Service.Domain\MeliGalax.Service.Domain.csproj", "{D1E488E5-8C72-4B9B-855B-3C0A05BD4E32}"
EndProject
Project("{2150E333-8FDC-42A3-9474-1A3956D46DE8}") = "DB", "DB", "{826E1F30-45E4-44AF-AA74-04F649935348}"
EndProject
Project("{00D1A9C2-B5F0-4AF3-8072-F6C62B433612}") = "MeliGalax.DB", "MeliGalax.DB\MeliGalax.DB.sqlproj", "{03EB295A-8732-4F80-8095-F40CECE12016}"
EndProject
Project("{FAE04EC0-301F-11D3-BF4B-00C04F79EFBC}") = "MeliGalax.Service.Tools", "MeliGalax.Service.Tools\MeliGalax.Service.Tools.csproj", "{19D1F90B-5B1A-4DBA-AD23-3D4A5DA908BA}"
EndProject
Project("{FAE04EC0-301F-11D3-BF4B-00C04F79EFBC}") = "MeliGalax.Service.API", "MeliGalax.Service.API\MeliGalax.Service.API.csproj", "{0483250E-9822-46E5-A280-AF215A0D2B95}"
EndProject
Project("{2150E333-8FDC-42A3-9474-1A3956D46DE8}") = "_Doc", "_Doc", "{9D53037F-C208-4F0A-A242-A8013AA34087}"
	ProjectSection(SolutionItems) = preProject
		..\.gitignore = ..\.gitignore
		..\README.md = ..\README.md
	EndProjectSection
EndProject
Project("{2150E333-8FDC-42A3-9474-1A3956D46DE8}") = "_Docker", "_Docker", "{B11E96E5-875E-4943-A38F-DAFC687971AD}"
	ProjectSection(SolutionItems) = preProject
		.dockerignore = .dockerignore
		Dockerfile = Dockerfile
	EndProjectSection
EndProject
Global
	GlobalSection(SolutionConfigurationPlatforms) = preSolution
		Debug|Any CPU = Debug|Any CPU
		Release|Any CPU = Release|Any CPU
	EndGlobalSection
	GlobalSection(ProjectConfigurationPlatforms) = postSolution
		{11924FFA-A158-4AA4-A22A-471CF861BA2F}.Debug|Any CPU.ActiveCfg = Debug|Any CPU
		{11924FFA-A158-4AA4-A22A-471CF861BA2F}.Debug|Any CPU.Build.0 = Debug|Any CPU
		{11924FFA-A158-4AA4-A22A-471CF861BA2F}.Release|Any CPU.ActiveCfg = Release|Any CPU
		{11924FFA-A158-4AA4-A22A-471CF861BA2F}.Release|Any CPU.Build.0 = Release|Any CPU
		{CCEF0299-92C7-4D86-BB20-2F0423A818EC}.Debug|Any CPU.ActiveCfg = Debug|Any CPU
		{CCEF0299-92C7-4D86-BB20-2F0423A818EC}.Debug|Any CPU.Build.0 = Debug|Any CPU
		{CCEF0299-92C7-4D86-BB20-2F0423A818EC}.Release|Any CPU.ActiveCfg = Release|Any CPU
		{CCEF0299-92C7-4D86-BB20-2F0423A818EC}.Release|Any CPU.Build.0 = Release|Any CPU
		{FE2EB616-E899-4BEA-B20E-63AE425D7BB0}.Debug|Any CPU.ActiveCfg = Debug|Any CPU
		{FE2EB616-E899-4BEA-B20E-63AE425D7BB0}.Debug|Any CPU.Build.0 = Debug|Any CPU
		{FE2EB616-E899-4BEA-B20E-63AE425D7BB0}.Release|Any CPU.ActiveCfg = Release|Any CPU
		{FE2EB616-E899-4BEA-B20E-63AE425D7BB0}.Release|Any CPU.Build.0 = Release|Any CPU
		{D1E488E5-8C72-4B9B-855B-3C0A05BD4E32}.Debug|Any CPU.ActiveCfg = Debug|Any CPU
		{D1E488E5-8C72-4B9B-855B-3C0A05BD4E32}.Debug|Any CPU.Build.0 = Debug|Any CPU
		{D1E488E5-8C72-4B9B-855B-3C0A05BD4E32}.Release|Any CPU.ActiveCfg = Release|Any CPU
		{D1E488E5-8C72-4B9B-855B-3C0A05BD4E32}.Release|Any CPU.Build.0 = Release|Any CPU
		{03EB295A-8732-4F80-8095-F40CECE12016}.Debug|Any CPU.ActiveCfg = Debug|Any CPU
		{03EB295A-8732-4F80-8095-F40CECE12016}.Debug|Any CPU.Build.0 = Debug|Any CPU
		{03EB295A-8732-4F80-8095-F40CECE12016}.Debug|Any CPU.Deploy.0 = Debug|Any CPU
		{03EB295A-8732-4F80-8095-F40CECE12016}.Release|Any CPU.ActiveCfg = Release|Any CPU
		{03EB295A-8732-4F80-8095-F40CECE12016}.Release|Any CPU.Build.0 = Release|Any CPU
		{03EB295A-8732-4F80-8095-F40CECE12016}.Release|Any CPU.Deploy.0 = Release|Any CPU
		{19D1F90B-5B1A-4DBA-AD23-3D4A5DA908BA}.Debug|Any CPU.ActiveCfg = Debug|Any CPU
		{19D1F90B-5B1A-4DBA-AD23-3D4A5DA908BA}.Debug|Any CPU.Build.0 = Debug|Any CPU
		{19D1F90B-5B1A-4DBA-AD23-3D4A5DA908BA}.Release|Any CPU.ActiveCfg = Release|Any CPU
		{19D1F90B-5B1A-4DBA-AD23-3D4A5DA908BA}.Release|Any CPU.Build.0 = Release|Any CPU
		{0483250E-9822-46E5-A280-AF215A0D2B95}.Debug|Any CPU.ActiveCfg = Debug|Any CPU
		{0483250E-9822-46E5-A280-AF215A0D2B95}.Debug|Any CPU.Build.0 = Debug|Any CPU
		{0483250E-9822-46E5-A280-AF215A0D2B95}.Release|Any CPU.ActiveCfg = Release|Any CPU
		{0483250E-9822-46E5-A280-AF215A0D2B95}.Release|Any CPU.Build.0 = Release|Any CPU
	EndGlobalSection
	GlobalSection(SolutionProperties) = preSolution
		HideSolutionNode = FALSE
	EndGlobalSection
	GlobalSection(NestedProjects) = preSolution
		{11924FFA-A158-4AA4-A22A-471CF861BA2F} = {89F77C79-0C02-484C-B536-CD7D635CAEC5}
		{CCEF0299-92C7-4D86-BB20-2F0423A818EC} = {89F77C79-0C02-484C-B536-CD7D635CAEC5}
		{FE2EB616-E899-4BEA-B20E-63AE425D7BB0} = {89F77C79-0C02-484C-B536-CD7D635CAEC5}
		{D1E488E5-8C72-4B9B-855B-3C0A05BD4E32} = {89F77C79-0C02-484C-B536-CD7D635CAEC5}
		{03EB295A-8732-4F80-8095-F40CECE12016} = {826E1F30-45E4-44AF-AA74-04F649935348}
		{19D1F90B-5B1A-4DBA-AD23-3D4A5DA908BA} = {89F77C79-0C02-484C-B536-CD7D635CAEC5}
		{0483250E-9822-46E5-A280-AF215A0D2B95} = {3C2818E9-9065-4E31-BBCF-D20CBBBD9DD6}
	EndGlobalSection
	GlobalSection(ExtensibilityGlobals) = postSolution
		SolutionGuid = {A4D195CC-C511-42F8-AE12-C9A9DDF63527}
	EndGlobalSection
EndGlobal
